# This file is autogenerated, do not edit; changes may be undone by the next 'dep ensure'.


[[projects]]
  digest = "1:f89f3aa237e1394f3d958bd5aae0bf2864768490f7a6763bacb2bf85001419d0"
  name = "github.com/grafov/m3u8"
  packages = ["."]
  pruneopts = "UT"
  revision = "0b86a8a8eaf300b6dfaf5a7a32b6e0b86f094621"
  version = "v0.10"

[[projects]]
  branch = "master"
  digest = "1:1a1ecfa7b54ca3f7a0115ab5c578d7d6a5d8b605839c549e80260468c42f8be7"
  name = "golang.org/x/net"
  packages = [
    "html",
    "html/atom",
  ]
  pruneopts = "UT"
  revision = "03003ca0c849e57b6ea29a4bab8d3cb6e4d568fe"

[[projects]]
  branch = "v1"
  digest = "1:6c802dcce0c717e7fc42d788ee1e2c1393c64b60339d908c0585c32dc5dec994"
  name = "gopkg.in/jarcoal/httpmock.v1"
  packages = ["."]
  pruneopts = "UT"
  revision = "275e9df93516fc27a998eca24c8f1cca277ce5bf"

[solve-meta]
  analyzer-name = "dep"
  analyzer-version = 1
  input-imports = [
    "github.com/grafov/m3u8",
    "golang.org/x/net/html",
    "gopkg.in/jarcoal/httpmock.v1",
  ]
  solver-name = "gps-cdcl"
  solver-version = 1
